# This file is automatically @generated by Cargo.
# It is not intended for manual editing.
[[package]]
name = "convertisseur"
version = "0.1.0"
dependencies = [
 "winsafe",
]

[[package]]
name = "winsafe"
version = "0.0.2"
source = "registry+https://github.com/rust-lang/crates.io-index"
checksum = "0ecaeb6ca63d9e3bbae1ed5f68f0d05d397a1ff068cdd3cc1e47687dec09370f"
